{
  "originHash" : "ada8577c99c2afcc282934963219dcd5485718f8f9811d503abf210b051c8805",
  "pins" : [
    {
      "identity" : "photonmetaldisplaycore",
      "kind" : "remoteSourceControl",
      "location" : "https://github.com/JuniperPhoton/PhotonMetalDisplayCore",
      "state" : {
        "branch" : "main",
        "revision" : "493048789406db58d240d8402a48177d305af05e"
      }
    }
  ],
  "version" : 3
}
