{
  "originHash" : "ada8577c99c2afcc282934963219dcd5485718f8f9811d503abf210b051c8805",
  "pins" : [
    {
      "identity" : "photonmetaldisplaycore",
      "kind" : "remoteSourceControl",
      "location" : "https://github.com/JuniperPhoton/PhotonMetalDisplayCore",
      "state" : {
        "revision" : "d68f5ba92cb02e0ecd3061643425e7b652508aa7",
        "version" : "1.0.11"
      }
    }
  ],
  "version" : 3
}
