{
  "originHash" : "ada8577c99c2afcc282934963219dcd5485718f8f9811d503abf210b051c8805",
  "pins" : [
    {
      "identity" : "photonmetaldisplaycore",
      "kind" : "remoteSourceControl",
      "location" : "https://github.com/JuniperPhoton/PhotonMetalDisplayCore",
      "state" : {
        "branch" : "main",
        "revision" : "5b1946cc4637c1df52ebe6326417b7b6c5b78a9a"
      }
    }
  ],
  "version" : 3
}
